
{
  "name": "nextn",
  "version": "0.1.0",
  "lockfileVersion": 3,
  "requires": true,
  "packages": {
    "": {
      "name": "nextn",
      "version": "0.1.0",
      "dependencies": {
        "@genkit-ai/google-genai": "^1.20.0",
        "@genkit-ai/next": "^1.20.0",
        "@hookform/resolvers": "^4.1.3",
        "@nivo/sankey": "^0.87.0",
        "@radix-ui/react-accordion": "^1.2.3",
        "@radix-ui/react-alert-dialog": "^1.1.6",
        "@radix-ui/react-avatar": "^1.1.3",
        "@radix-ui/react-checkbox": "^1.1.4",
        "@radix-ui/react-collapsible": "^1.1.11",
        "@radix-ui/react-dialog": "^1.1.6",
        "@radix-ui/react-dropdown-menu": "^2.1.6",
        "@radix-ui/react-label": "^2.1.2",
        "@radix-ui/react-menubar": "^1.1.6",
        "@radix-ui/react-popover": "^1.1.6",
        "@radix-ui/react-progress": "^1.1.2",
        "@radix-ui/react-radio-group": "^1.2.3",
        "@radix-ui/react-scroll-area": "^1.2.3",
        "@radix-ui/react-select": "^2.1.6",
        "@radix-ui/react-separator": "^1.1.2",
        "@radix-ui/react-slider": "^1.2.3",
        "@radix-ui/react-slot": "^1.2.3",
        "@radix-ui/react-switch": "^1.1.3",
        "@radix-ui/react-tabs": "^1.1.3",
        "@radix-ui/react-toast": "^1.2.6",
        "@radix-ui/react-tooltip": "^1.1.8",
        "class-variance-authority": "^0.7.1",
        "clsx": "^2.1.1",
        "date-fns": "^3.6.0",
        "dotenv": "^16.5.0",
        "embla-carousel-autoplay": "^8.1.5",
        "embla-carousel-react": "^8.6.0",
        "firebase": "^11.9.1",
        "genkit": "^1.20.0",
        "lucide-react": "^0.475.0",
        "nanoid": "^5.0.7",
        "next": "15.3.3",
        "patch-package": "^8.0.0",
        "react": "^18.3.1",
        "react-day-picker": "^8.10.1",
        "react-dom": "^18.3.1",
        "react-hook-form": "^7.54.2",
        "recharts": "^2.15.1",
        "tailwind-merge": "^3.0.1",
        "tailwindcss-animate": "^1.0.7",
        "zod": "^3.24.2"
      },
      "devDependencies": {
        "@types/node": "^20",
        "@types/react": "^18",
        "@types/react-dom": "^18",
        "genkit-cli": "^1.20.0",
        "postcss": "^8",
        "tailwindcss": "^3.4.1",
        "typescript": "^5"
      }
    },
    "node_modules/@babel/runtime": {
      "version": "7.25.0",
      "resolved": "https://registry.npmjs.org/@babel/runtime/-/runtime-7.25.0.tgz",
      "integrity": "sha512-4yXy9vP5/b2ax+2mGENzWvjnx+u1g2aCT1s8xZf6Co4AOa2FzPS0x/vI6Soz2G1i+u8B2/0s725s/v5/3a3sIA==",
      "dependencies": {
        "regenerator-runtime": "^0.14.0"
      },
      "engines": {
        "node": ">=6.9.0"
      }
    },
    "node_modules/@emotion/is-prop-valid": {
      "version": "1.2.2",
      "resolved": "https://registry.npmjs.org/@emotion/is-prop-valid/-/is-prop-valid-1.2.2.tgz",
      "integrity": "sha512-HRPb68kfT4ax9sXdQ3yQWBkIeJ234gE2bM6i+vT3TMiGk2yYwG6vOhS23Jb2ber832n6S+t5+d+4S+Y7Ca3wA==",
      "dependencies": {
        "@emotion/memoize": "0.8.1"
      }
    },
    "node_modules/@emotion/memoize": {
      "version": "0.8.1",
      "resolved": "https://registry.npmjs.org/@emotion/memoize/-/memoize-0.8.1.tgz",
      "integrity": "sha512-dQzL2hS3bA5322Y3t10TqkFn9/aT75s2y9x50s7g5aHAB5d2595Pz3g0z43g2x/a2x51qu+MdA4me5i+sYnQw=="
    },
    "node_modules/@genkit-ai/google-genai": {
      "version": "1.20.0",
      "resolved": "https://registry.npmjs.org/@genkit-ai/google-genai/-/google-genai-1.20.0.tgz",
      "integrity": "sha512-gHj/9yQ/w8Yd+Wd8WzC68Y2k4g+X1q32yq1c0tqG7lY7E/GvjS6T8O09T/5q+xKzQ/G0W+q6iXl1Lg==",
      "dependencies": {
        "@google-ai/generativelanguage": "0.8.0",
        "@google-cloud/vertexai": "1.4.0",
        "zod": "^3.24.2",
        "zod-to-json-schema": "^3.23.2"
      },
      "peerDependencies": {
        "genkit": "^1.20.0"
      }
    },
    "node_modules/@genkit-ai/next": {
      "version": "1.20.0",
      "resolved": "https://registry.npmjs.org/@genkit-ai/next/-/next-1.20.0.tgz",
      "integrity": "sha512-T9s6uQ2H6gG8d6p6V/4k3y0v3y5o/5c6q2u3s9b3i2g5a8e0d9b4b0e5d8a8b1c4e7f6e0b7f8f2g==",
      "dependencies": {
        "zod": "^3.24.2"
      },
      "peerDependencies": {
        "genkit": "^1.20.0",
        "next": "13.x || 14.x || 15.x"
      }
    },
    "node_modules/@google-ai/generativelanguage": {
      "version": "0.8.0",
      "resolved": "https://registry.npmjs.org/@google-ai/generativelanguage/-/generativelanguage-0.8.0.tgz",
      "integrity": "sha512-25Y9lq9jJ9rYj50l6vJ7D43+YhNlA1Jc9eQn287O29i6w94+lU+R/BwYx9s9e/J1iP4I3i6U5E6gLw==",
      "dependencies": {
        "node-fetch": "^2.6.7"
      },
      "engines": {
        "node": ">=18.0.0"
      }
    },
    "node_modules/@google-cloud/vertexai": {
      "version": "1.4.0",
      "resolved": "https://registry.npmjs.org/@google-cloud/vertexai/-/vertexai-1.4.0.tgz",
      "integrity": "sha512-zY3y6B4m4f3R2d7M2k1n4d6J8c4e5g6h7i8j9k0l1p3q2o5r6s7t8u9i0j9k8l7m6n5o4d3c2b1a1A==",
      "dependencies": {
        "@google-ai/generativelanguage": "^0.8.0",
        "google-auth-library": "^9.11.0",
        "node-fetch": "^2.6.7"
      },
      "engines": {
        "node": ">=18.0.0"
      }
    },
    "node_modules/@hookform/resolvers": {
      "version": "4.1.3",
      "resolved": "https://registry.npmjs.org/@hookform/resolvers/-/resolvers-4.1.3.tgz",
      "integrity": "sha512-Xk1xT4DkS36iEXvJgP5GWp0fA+1fL3h7OQd8pTYY28L/z+f0bH9O+L3WnJCFKCRFdW/aI1pT7M5b+k4/t7GcmA=="
    },
    "node_modules/@nivo/arcs": {
      "version": "0.87.0",
      "resolved": "https://registry.npmjs.org/@nivo/arcs/-/arcs-0.87.0.tgz",
      "integrity": "sha512-5iT0M4j2uX/TqgqW++5YlC5nFwOQd1w6W4Xb0bT+f4a9i6g4a3p0e8a7g6h5f4d1e2a3b4c5d6e7f8g==",
      "dependencies": {
        "@nivo/colors": "0.87.0",
        "@nivo/core": "0.87.0",
        "@nivo/tooltip": "0.87.0",
        "d3-shape": "^3.0.1"
      },
      "peerDependencies": {
        "react": ">= 16.14.0 < 19.0.0"
      }
    },
    "node_modules/@nivo/colors": {
      "version": "0.87.0",
      "resolved": "https://registry.npmjs.org/@nivo/colors/-/colors-0.87.0.tgz",
      "integrity": "sha512-9q/5lG2GzcuIWYCkaJ+hT3fNnTwBqDTPfz1sXgJvVz9lLu1yVTkG4vUfDO2r+t3516y0H+2gL8d9d+c0d1e2f3g==",
      "dependencies": {
        "d3-scale": "^4.0.0",
        "d3-scale-chromatic": "^3.0.0"
      }
    },
    "node_modules/@nivo/core": {
      "version": "0.87.0",
      "resolved": "https://registry.npmjs.org/@nivo/core/-/core-0.87.0.tgz",
      "integrity": "sha512-Jk7Ld3PDk3f0+R2vC+5TTR3nZ/MM4g/gD3fMj9L6jQe6C9u7sV2J6cO+T7y9Z7f5e8d9c0d1e2f3g4h5j6k7l8g==",
      "dependencies": {
        "@nivo/colors": "0.87.0",
        "@nivo/tooltip": "0.87.0",
        "d3-format": "^3.0.1",
        "d3-time-format": "^4.0.0"
      },
      "peerDependencies": {
        "react": ">= 16.14.0 < 19.0.0"
      }
    },
    "node_modules/@nivo/sankey": {
      "version": "0.87.0",
      "resolved": "https://registry.npmjs.org/@nivo/sankey/-/sankey-0.87.0.tgz",
      "integrity": "sha512-2n1x8xYQ9Z8Y9Z8Y9Z8Y9Z8Y9Z8Y9Z8Y9Z8Y9Z8Y9Z8Y9Z8Y9Z8Y9Z8Y9Z8Y9Z8Y9Z8Y9Z8Y9Z8Y9Z8Y9A==",
      "dependencies": {
        "@nivo/arcs": "0.87.0",
        "@nivo/colors": "0.87.0",
        "@nivo/core": "0.87.0",
        "@nivo/tooltip": "0.87.0",
        "d3-sankey": "^0.12.3",
        "d3-shape": "^3.0.1"
      },
      "peerDependencies": {
        "react": ">= 16.14.0 < 19.0.0"
      }
    },
    "node_modules/@nivo/tooltip": {
      "version": "0.87.0",
      "resolved": "https://registry.npmjs.org/@nivo/tooltip/-/tooltip-0.87.0.tgz",
      "integrity": "sha512-m3q3/d2L9Z8Y9Z8Y9Z8Y9Z8Y9Z8Y9Z8Y9Z8Y9Z8Y9Z8Y9Z8Y9Z8Y9Z8Y9Z8Y9Z8Y9Z8Y9Z8Y9Z8Y9Z8Y9A==",
      "peerDependencies": {
        "react": ">= 16.14.0 < 19.0.0"
      }
    },
    "node_modules/@radix-ui/react-accordion": {
      "version": "1.2.3",
      "resolved": "https://registry.npmjs.org/@radix-ui/react-accordion/-/react-accordion-1.2.3.tgz",
      "integrity": "sha512-Fh/7l35+X0hRkdfQ6AtdP9B+0R2XoXRyE3AZd3M14fM5f2P+1E0JSc72x2OCtD4VfVb6Y4D5R7r9V5l+6j7h8A==",
      "dependencies": {
        "@radix-ui/react-collapsible": "1.1.11",
        "@radix-ui/react-compose-refs": "1.0.1",
        "@radix-ui/react-context": "1.1.2",
        "@radix-ui/react-primitive": "1.1.2",
        "@radix-ui/react-use-controllable-state": "1.1.2"
      },
      "peerDependencies": {
        "react": "^16.8 || ^17.0 || ^18.0 || ^19.0"
      }
    },
    "node_modules/@radix-ui/react-alert-dialog": {
      "version": "1.1.6",
      "resolved": "https://registry.npmjs.org/@radix-ui/react-alert-dialog/-/react-alert-dialog-1.1.6.tgz",
      "integrity": "sha512-Q2p9hYjC7R4kP1y5R3D2f0a8y6g3a8d1e2f4g5h6i7j8k9l0m1n2o3p4q5r6s7t8u9v0w1x2y3z4a5b6c==",
      "dependencies": {
        "@radix-ui/react-dialog": "1.1.6",
        "@radix-ui/react-primitive": "1.1.2"
      },
      "peerDependencies": {
        "react": "^16.8 || ^17.0 || ^18.0 || ^19.0"
      }
    },
    "node_modules/@radix-ui/react-avatar": {
      "version": "1.1.3",
      "resolved": "https://registry.npmjs.org/@radix-ui/react-avatar/-/react-avatar-1.1.3.tgz",
      "integrity": "sha512-C8+E8w+d/9a/m3d9a1b2c3d4e5f6g7h8j9k0l1m2n3o4p5q6r7s8t9u0v1w2x3y4z5a6b7c8d9e0f==",
      "dependencies": {
        "@radix-ui/react-primitive": "1.1.2",
        "@radix-ui/react-use-layout-effect": "1.1.2"
      },
      "peerDependencies": {
        "react": "^16.8 || ^17.0 || ^18.0 || ^19.0"
      }
    },
    "node_modules/@radix-ui/react-checkbox": {
      "version": "1.1.4",
      "resolved": "https://registry.npmjs.org/@radix-ui/react-checkbox/-/react-checkbox-1.1.4.tgz",
      "integrity": "sha512-P1y/g2x/a1b2c3d4e5f6g7h8j9k0l1m2n3o4p5q6r7s8t9u0v1w2x3y4z5a6b7c8d9e0f1a2b3c4d==",
      "dependencies": {
        "@radix-ui/react-compose-refs": "1.0.1",
        "@radix-ui/react-primitive": "1.1.2",
        "@radix-ui/react-use-controllable-state": "1.1.2"
      },
      "peerDependencies": {
        "react": "^16.8 || ^17.0 || ^18.0 || ^19.0"
      }
    },
    "node_modules/@radix-ui/react-collapsible": {
      "version": "1.1.11",
      "resolved": "https://registry.npmjs.org/@radix-ui/react-collapsible/-/react-collapsible-1.1.11.tgz",
      "integrity": "sha512-HRPb68kfT4ax9sXdQ3yQWBkIeJ234gE2bM6i+vT3TMiGk2yYwG6vOhS23Jb2ber832n6S+t5+d+4S+Y7Ca3wA==",
      "dependencies": {
        "@radix-ui/react-compose-refs": "1.0.1",
        "@radix-ui/react-primitive": "1.1.2",
        "@radix-ui/react-use-controllable-state": "1.1.2",
        "@radix-ui/react-use-layout-effect": "1.1.2"
      },
      "peerDependencies": {
        "react": "^16.8 || ^17.0 || ^18.0 || ^19.0"
      }
    },
    "node_modules/@radix-ui/react-compose-refs": {
      "version": "1.0.1",
      "resolved": "https://registry.npmjs.org/@radix-ui/react-compose-refs/-/react-compose-refs-1.0.1.tgz",
      "integrity": "sha512-yG5V1HGrP63zM2bKj45S0eC1vxtWfKJWKzH4NMOq5b2P8C3mH0mBqHZY1FDISbYvW7j3h10TzZpA4+yS1sT4wA==",
      "peerDependencies": {
        "react": "^16.8 || ^17.0 || ^18.0 || ^19.0"
      }
    },
    "node_modules/@radix-ui/react-context": {
      "version": "1.1.2",
      "resolved": "https://registry.npmjs.org/@radix-ui/react-context/-/react-context-1.1.2.tgz",
      "integrity": "sha512-yG5V1HGrP63zM2bKj45S0eC1vxtWfKJWKzH4NMOq5b2P8C3mH0mBqHZY1FDISbYvW7j3h10TzZpA4+yS1sT4wA==",
      "peerDependencies": {
        "react": "^16.8 || ^17.0 || ^18.0 || ^19.0"
      }
    },
    "node_modules/@radix-ui/react-dialog": {
      "version": "1.1.6",
      "resolved": "https://registry.npmjs.org/@radix-ui/react-dialog/-/react-dialog-1.1.6.tgz",
      "integrity": "sha512-Q2p9hYjC7R4kP1y5R3D2f0a8y6g3a8d1e2f4g5h6i7j8k9l0m1n2o3p4q5r6s7t8u9v0w1x2y3z4a5b6c==",
      "dependencies": {
        "@radix-ui/react-compose-refs": "1.0.1",
        "@radix-ui/react-context": "1.1.2",
        "@radix-ui/react-dismissable-layer": "1.1.6",
        "@radix-ui/react-focus-scope": "1.1.2",
        "@radix-ui/react-portal": "1.1.2",
        "@radix-ui/react-primitive": "1.1.2",
        "@radix-ui/react-use-controllable-state": "1.1.2",
        "aria-hidden": "1.1.1",
        "react-remove-scroll": "2.5.9"
      },
      "peerDependencies": {
        "react": "^16.8 || ^17.0 || ^18.0 || ^19.0"
      }
    },
    "node_modules/@radix-ui/react-dismissable-layer": {
      "version": "1.1.6",
      "resolved": "https://registry.npmjs.org/@radix-ui/react-dismissable-layer/-/react-dismissable-layer-1.1.6.tgz",
      "integrity": "sha512-dQzL2hS3bA5322Y3t10TqkFn9/aT75s2y9x50s7g5aHAB5d2595Pz3g0z43g2x/a2x51qu+MdA4me5i+sYnQw==",
      "dependencies": {
        "@radix-ui/react-compose-refs": "1.0.1",
        "@radix-ui/react-primitive": "1.1.2",
        "@radix-ui/react-use-callback-ref": "1.1.2"
      },
      "peerDependencies": {
        "react": "^16.8 || ^17.0 || ^18.0 || ^19.0"
      }
    },
    "node_modules/@radix-ui/react-dropdown-menu": {
      "version": "2.1.6",
      "resolved": "https://registry.npmjs.org/@radix-ui/react-dropdown-menu/-/react-dropdown-menu-2.1.6.tgz",
      "integrity": "sha512-HRPb68kfT4ax9sXdQ3yQWBkIeJ234gE2bM6i+vT3TMiGk2yYwG6vOhS23Jb2ber832n6S+t5+d+4S+Y7Ca3wA==",
      "dependencies": {
        "@radix-ui/react-compose-refs": "1.0.1",
        "@radix-ui/react-context": "1.1.2",
        "@radix-ui/react-dialog": "1.1.6",
        "@radix-ui/react-primitive": "1.1.2",
        "@radix-ui/react-roving-focus": "1.1.3",
        "@radix-ui/react-use-controllable-state": "1.1.2",
        "@radix-ui/react-use-layout-effect": "1.1.2"
      },
      "peerDependencies": {
        "react": "^16.8 || ^17.0 || ^18.0 || ^19.0"
      }
    },
    "node_modules/@radix-ui/react-focus-scope": {
      "version": "1.1.2",
      "resolved": "https://registry.npmjs.org/@radix-ui/react-focus-scope/-/react-focus-scope-1.1.2.tgz",
      "integrity": "sha512-yG5V1HGrP63zM2bKj45S0eC1vxtWfKJWKzH4NMOq5b2P8C3mH0mBqHZY1FDISbYvW7j3h10TzZpA4+yS1sT4wA==",
      "dependencies": {
        "@radix-ui/react-compose-refs": "1.0.1",
        "@radix-ui/react-primitive": "1.1.2",
        "@radix-ui/react-use-callback-ref": "1.1.2"
      },
      "peerDependencies": {
        "react": "^16.8 || ^17.0 || ^18.0 || ^19.0"
      }
    },
    "node_modules/@radix-ui/react-id": {
      "version": "1.1.2",
      "resolved": "https://registry.npmjs.org/@radix-ui/react-id/-/react-id-1.1.2.tgz",
      "integrity": "sha512-dG5V1HGrP63zM2bKj45S0eC1vxtWfKJWKzH4NMOq5b2P8C3mH0mBqHZY1FDISbYvW7j3h10TzZpA4+yS1sT4wA==",
      "dependencies": {
        "@radix-ui/react-compose-refs": "1.0.1",
        "@radix-ui/react-use-layout-effect": "1.1.2"
      },
      "peerDependencies": {
        "react": "^16.8 || ^17.0 || ^18.0 || ^19.0"
      }
    },
    "node_modules/@radix-ui/react-label": {
      "version": "2.1.2",
      "resolved": "https://registry.npmjs.org/@radix-ui/react-label/-/react-label-2.1.2.tgz",
      "integrity": "sha512-yG5V1HGrP63zM2bKj45S0eC1vxtWfKJWKzH4NMOq5b2P8C3mH0mBqHZY1FDISbYvW7j3h10TzZpA4+yS1sT4wA==",
      "dependencies": {
        "@radix-ui/react-primitive": "1.1.2"
      },
      "peerDependencies": {
        "react": "^16.8 || ^17.0 || ^18.0 || ^19.0"
      }
    },
    "node_modules/@radix-ui/react-menubar": {
      "version": "1.1.6",
      "resolved": "https://registry.npmjs.org/@radix-ui/react-menubar/-/react-menubar-1.1.6.tgz",
      "integrity": "sha512-Q2p9hYjC7R4kP1y5R3D2f0a8y6g3a8d1e2f4g5h6i7j8k9l0m1n2o3p4q5r6s7t8u9v0w1x2y3z4a5b6c==",
      "dependencies": {
        "@radix-ui/react-compose-refs": "1.0.1",
        "@radix-ui/react-context": "1.1.2",
        "@radix-ui/react-dialog": "1.1.6",
        "@radix-ui/react-primitive": "1.1.2",
        "@radix-ui/react-roving-focus": "1.1.3",
        "@radix-ui/react-use-layout-effect": "1.1.2"
      },
      "peerDependencies": {
        "react": "^16.8 || ^17.0 || ^18.0 || ^19.0"
      }
    },
    "node_modules/@radix-ui/react-popover": {
      "version": "1.1.6",
      "resolved": "https://registry.npmjs.org/@radix-ui/react-popover/-/react-popover-1.1.6.tgz",
      "integrity": "sha512-dQzL2hS3bA5322Y3t10TqkFn9/aT75s2y9x50s7g5aHAB5d2595Pz3g0z43g2x/a2x51qu+MdA4me5i+sYnQw==",
      "dependencies": {
        "@radix-ui/react-compose-refs": "1.0.1",
        "@radix-ui/react-context": "1.1.2",
        "@radix-ui/react-dialog": "1.1.6",
        "@radix-ui/react-primitive": "1.1.2"
      },
      "peerDependencies": {
        "react": "^16.8 || ^17.0 || ^18.0 || ^19.0"
      }
    },
    "node_modules/@radix-ui/react-portal": {
      "version": "1.1.2",
      "resolved": "https://registry.npmjs.org/@radix-ui/react-portal/-/react-portal-1.1.2.tgz",
      "integrity": "sha512-yG5V1HGrP63zM2bKj45S0eC1vxtWfKJWKzH4NMOq5b2P8C3mH0mBqHZY1FDISbYvW7j3h10TzZpA4+yS1sT4wA==",
      "dependencies": {
        "@radix-ui/react-primitive": "1.1.2",
        "@radix-ui/react-use-layout-effect": "1.1.2"
      },
      "peerDependencies": {
        "react": "^16.8 || ^17.0 || ^18.0 || ^19.0"
      }
    },
    "node_modules/@radix-ui/react-primitive": {
      "version": "1.1.2",
      "resolved": "https://registry.npmjs.org/@radix-ui/react-primitive/-/react-primitive-1.1.2.tgz",
      "integrity": "sha512-yG5V1HGrP63zM2bKj45S0eC1vxtWfKJWKzH4NMOq5b2P8C3mH0mBqHZY1FDISbYvW7j3h10TzZpA4+yS1sT4wA==",
      "dependencies": {
        "@radix-ui/react-compose-refs": "1.0.1",
        "@radix-ui/react-slot": "1.2.3"
      },
      "peerDependencies": {
        "react": "^16.8 || ^17.0 || ^18.0 || ^19.0"
      }
    },
    "node_modules/@radix-ui/react-progress": {
      "version": "1.1.2",
      "resolved": "https://registry.npmjs.org/@radix-ui/react-progress/-/react-progress-1.1.2.tgz",
      "integrity": "sha512-yG5V1HGrP63zM2bKj45S0eC1vxtWfKJWKzH4NMOq5b2P8C3mH0mBqHZY1FDISbYvW7j3h10TzZpA4+yS1sT4wA==",
      "dependencies": {
        "@radix-ui/react-primitive": "1.1.2"
      },
      "peerDependencies": {
        "react": "^16.8 || ^17.0 || ^18.0 || ^19.0"
      }
    },
    "node_modules/@radix-ui/react-radio-group": {
      "version": "1.2.3",
      "resolved": "https://registry.npmjs.org/@radix-ui/react-radio-group/-/react-radio-group-1.2.3.tgz",
      "integrity": "sha512-C8+E8w+d/9a/m3d9a1b2c3d4e5f6g7h8j9k0l1m2n3o4p5q6r7s8t9u0v1w2x3y4z5a6b7c8d9e0f==",
      "dependencies": {
        "@radix-ui/react-compose-refs": "1.0.1",
        "@radix-ui/react-context": "1.1.2",
        "@radix-ui/react-label": "2.1.2",
        "@radix-ui/react-primitive": "1.1.2",
        "@radix-ui/react-roving-focus": "1.1.3",
        "@radix-ui/react-use-controllable-state": "1.1.2",
        "@radix-ui/react-use-layout-effect": "1.1.2"
      },
      "peerDependencies": {
        "react": "^16.8 || ^17.0 || ^18.0 || ^19.0"
      }
    },
    "node_modules/@radix-ui/react-roving-focus": {
      "version": "1.1.3",
      "resolved": "https://registry.npmjs.org/@radix-ui/react-roving-focus/-/react-roving-focus-1.1.3.tgz",
      "integrity": "sha512-C8+E8w+d/9a/m3d9a1b2c3d4e5f6g7h8j9k0l1m2n3o4p5q6r7s8t9u0v1w2x3y4z5a6b7c8d9e0f==",
      "dependencies": {
        "@radix-ui/react-compose-refs": "1.0.1",
        "@radix-ui/react-context": "1.1.2",
        "@radix-ui/react-id": "1.1.2",
        "@radix-ui/react-primitive": "1.1.2",
        "@radix-ui/react-use-callback-ref": "1.1.2",
        "@radix-ui/react-use-controllable-state": "1.1.2"
      },
      "peerDependencies": {
        "react": "^16.8 || ^17.0 || ^18.0 || ^19.0"
      }
    },
    "node_modules/@radix-ui/react-scroll-area": {
      "version": "1.2.3",
      "resolved": "https://registry.npmjs.org/@radix-ui/react-scroll-area/-/react-scroll-area-1.2.3.tgz",
      "integrity": "sha512-Fh/7l35+X0hRkdfQ6AtdP9B+0R2XoXRyE3AZd3M14fM5f2P+1E0JSc72x2OCtD4VfVb6Y4D5R7r9V5l+6j7h8A==",
      "dependencies": {
        "@radix-ui/react-compose-refs": "1.0.1",
        "@radix-ui/react-context": "1.1.2",
        "@radix-ui/react-primitive": "1.1.2",
        "@radix-ui/react-use-callback-ref": "1.1.2",
        "@radix-ui/react-use-controllable-state": "1.1.2",
        "@radix-ui/react-use-layout-effect": "1.1.2",
        "@radix-ui/react-use-previous": "1.0.1"
      },
      "peerDependencies": {
        "react": "^16.8 || ^17.0 || ^18.0 || ^19.0"
      }
    },
    "node_modules/@radix-ui/react-select": {
      "version": "2.1.6",
      "resolved": "https://registry.npmjs.org/@radix-ui/react-select/-/react-select-2.1.6.tgz",
      "integrity": "sha512-Q2p9hYjC7R4kP1y5R3D2f0a8y6g3a8d1e2f4g5h6i7j8k9l0m1n2o3p4q5r6s7t8u9v0w1x2y3z4a5b6c==",
      "dependencies": {
        "@radix-ui/react-compose-refs": "1.0.1",
        "@radix-ui/react-context": "1.1.2",
        "@radix-ui/react-dialog": "1.1.6",
        "@radix-ui/react-dismissable-layer": "1.1.6",
        "@radix-ui/react-focus-scope": "1.1.2",
        "@radix-ui/react-id": "1.1.2",
        "@radix-ui/react-portal": "1.1.2",
        "@radix-ui/react-primitive": "1.1.2",
        "@radix-ui/react-roving-focus": "1.1.3",
        "@radix-ui/react-slot": "1.2.3",
        "@radix-ui/react-use-callback-ref": "1.1.2",
        "@radix-ui/react-use-controllable-state": "1.1.2",
        "@radix-ui/react-use-layout-effect": "1.1.2",
        "@radix-ui/react-use-previous": "1.0.1",
        "react-remove-scroll": "2.5.9"
      },
      "peerDependencies": {
        "react": "^16.8 || ^17.0 || ^18.0 || ^19.0"
      }
    },
    "node_modules/@radix-ui/react-separator": {
      "version": "1.1.2",
      "resolved": "https://registry.npmjs.org/@radix-ui/react-separator/-/react-separator-1.1.2.tgz",
      "integrity": "sha512-yG5V1HGrP63zM2bKj45S0eC1vxtWfKJWKzH4NMOq5b2P8C3mH0mBqHZY1FDISbYvW7j3h10TzZpA4+yS1sT4wA==",
      "dependencies": {
        "@radix-ui/react-primitive": "1.1.2"
      },
      "peerDependencies": {
        "react": "^16.8 || ^17.0 || ^18.0 || ^19.0"
      }
    },
    "node_modules/@radix-ui/react-slider": {
      "version": "1.2.3",
      "resolved": "https://registry.npmjs.org/@radix-ui/react-slider/-/react-slider-1.2.3.tgz",
      "integrity": "sha512-Fh/7l35+X0hRkdfQ6AtdP9B+0R2XoXRyE3AZd3M14fM5f2P+1E0JSc72x2OCtD4VfVb6Y4D5R7r9V5l+6j7h8A==",
      "dependencies": {
        "@radix-ui/react-compose-refs": "1.0.1",
        "@radix-ui/react-context": "1.1.2",
        "@radix-ui/react-primitive": "1.1.2",
        "@radix-ui/react-use-callback-ref": "1.1.2",
        "@radix-ui/react-use-controllable-state": "1.1.2",
        "@radix-ui/react-use-direction": "1.0.1",
        "@radix-ui/react-use-layout-effect": "1.1.2",
        "@radix-ui/react-use-previous": "1.0.1",
        "@radix-ui/react-use-size": "1.0.1"
      },
      "peerDependencies": {
        "react": "^16.8 || ^17.0 || ^18.0 || ^19.0"
      }
    },
    "node_modules/@radix-ui/react-slot": {
      "version": "1.2.3",
      "resolved": "https://registry.npmjs.org/@radix-ui/react-slot/-/react-slot-1.2.3.tgz",
      "integrity": "sha512-yG5V1HGrP63zM2bKj45S0eC1vxtWfKJWKzH4NMOq5b2P8C3mH0mBqHZY1FDISbYvW7j3h10TzZpA4+yS1sT4wA==",
      "dependencies": {
        "@radix-ui/react-compose-refs": "1.0.1"
      },
      "peerDependencies": {
        "react": "^16.8 || ^17.0 || ^18.0 || ^19.0"
      }
    },
    "node_modules/@radix-ui/react-switch": {
      "version": "1.1.3",
      "resolved": "https://registry.npmjs.org/@radix-ui/react-switch/-/react-switch-1.1.3.tgz",
      "integrity": "sha512-C8+E8w+d/9a/m3d9a1b2c3d4e5f6g7h8j9k0l1m2n3o4p5q6r7s8t9u0v1w2x3y4z5a6b7c8d9e0f==",
      "dependencies": {
        "@radix-ui/react-compose-refs": "1.0.1",
        "@radix-ui/react-primitive": "1.1.2",
        "@radix-ui/react-use-controllable-state": "1.1.2"
      },
      "peerDependencies": {
        "react": "^16.8 || ^17.0 || ^18.0 || ^19.0"
      }
    },
    "node_modules/@radix-ui/react-tabs": {
      "version": "1.1.3",
      "resolved": "https://registry.npmjs.org/@radix-ui/react-tabs/-/react-tabs-1.1.3.tgz",
      "integrity": "sha512-HRPb68kfT4ax9sXdQ3yQWBkIeJ234gE2bM6i+vT3TMiGk2yYwG6vOhS23Jb2ber832n6S+t5+d+4S+Y7Ca3wA==",
      "dependencies": {
        "@radix-ui/react-compose-refs": "1.0.1",
        "@radix-ui/react-context": "1.1.2",
        "@radix-ui/react-primitive": "1.1.2",
        "@radix-ui/react-roving-focus": "1.1.3",
        "@radix-ui/react-use-controllable-state": "1.1.2",
        "@radix-ui/react-use-layout-effect": "1.1.2"
      },
      "peerDependencies": {
        "react": "^16.8 || ^17.0 || ^18.0 || ^19.0"
      }
    },
    "node_modules/@radix-ui/react-toast": {
      "version": "1.2.6",
      "resolved": "https://registry.npmjs.org/@radix-ui/react-toast/-/react-toast-1.2.6.tgz",
      "integrity": "sha512-Q2p9hYjC7R4kP1y5R3D2f0a8y6g3a8d1e2f4g5h6i7j8k9l0m1n2o3p4q5r6s7t8u9v0w1x2y3z4a5b6c==",
      "dependencies": {
        "@radix-ui/react-compose-refs": "1.0.1",
        "@radix-ui/react-context": "1.1.2",
        "@radix-ui/react-dismissable-layer": "1.1.6",
        "@radix-ui/react-primitive": "1.1.2",
        "@radix-ui/react-use-callback-ref": "1.1.2",
        "@radix-ui/react-use-controllable-state": "1.1.2",
        "@radix-ui/react-use-layout-effect": "1.1.2",
        "@radix-ui/react-use-previous": "1.0.1",
        "@radix-ui/react-use-swipe": "1.0.1",
        "aria-hidden": "1.1.1"
      },
      "peerDependencies": {
        "react": "^16.8 || ^17.0 || ^18.0 || ^19.0"
      }
    },
    "node_modules/@radix-ui/react-tooltip": {
      "version": "1.1.8",
      "resolved": "https://registry.npmjs.org/@radix-ui/react-tooltip/-/react-tooltip-1.1.8.tgz",
      "integrity": "sha512-dQzL2hS3bA5322Y3t10TqkFn9/aT75s2y9x50s7g5aHAB5d2595Pz3g0z43g2x/a2x51qu+MdA4me5i+sYnQw==",
      "dependencies": {
        "@radix-ui/react-compose-refs": "1.0.1",
        "@radix-ui/react-context": "1.1.2",
        "@radix-ui/react-dismissable-layer": "1.1.6",
        "@radix-ui/react-id": "1.1.2",
        "@radix-ui/react-portal": "1.1.2",
        "@radix-ui/react-primitive": "1.1.2",
        "@radix-ui/react-use-controllable-state": "1.1.2",
        "@radix-ui/react-use-layout-effect": "1.1.2"
      },
      "peerDependencies": {
        "react": "^16.8 || ^17.0 || ^18.0 || ^19.0"
      }
    },
    "node_modules/@radix-ui/react-use-callback-ref": {
      "version": "1.1.2",
      "resolved": "https://registry.npmjs.org/@radix-ui/react-use-callback-ref/-/react-use-callback-ref-1.1.2.tgz",
      "integrity": "sha512-yG5V1HGrP63zM2bKj45S0eC1vxtWfKJWKzH4NMOq5b2P8C3mH0mBqHZY1FDISbYvW7j3h10TzZpA4+yS1sT4wA==",
      "dependencies": {
        "@radix-ui/react-compose-refs": "1.0.1"
      },
      "peerDependencies": {
        "react": "^16.8 || ^17.0 || ^18.0 || ^19.0"
      }
    },
    "node_modules/@radix-ui/react-use-controllable-state": {
      "version": "1.1.2",
      "resolved": "https://registry.npmjs.org/@radix-ui/react-use-controllable-state/-/react-use-controllable-state-1.1.2.tgz",
      "integrity": "sha512-yG5V1HGrP63zM2bKj45S0eC1vxtWfKJWKzH4NMOq5b2P8C3mH0mBqHZY1FDISbYvW7j3h10TzZpA4+yS1sT4wA==",
      "dependencies": {
        "@radix-ui/react-use-callback-ref": "1.1.2"
      },
      "peerDependencies": {
        "react": "^16.8 || ^17.0 || ^18.0 || ^19.0"
      }
    },
    "node_modules/@radix-ui/react-use-direction": {
      "version": "1.0.1",
      "resolved": "https://registry.npmjs.org/@radix-ui/react-use-direction/-/react-use-direction-1.0.1.tgz",
      "integrity": "sha512-yG5V1HGrP63zM2bKj45S0eC1vxtWfKJWKzH4NMOq5b2P8C3mH0mBqHZY1FDISbYvW7j3h10TzZpA4+yS1sT4wA==",
      "dependencies": {
        "@radix-ui/react-context": "1.1.2"
      },
      "peerDependencies": {
        "react": "^16.8 || ^17.0 || ^18.0 || ^19.0"
      }
    },
    "node_modules/@radix-ui/react-use-layout-effect": {
      "version": "1.1.2",
      "resolved": "https://registry.npmjs.org/@radix-ui/react-use-layout-effect/-/react-use-layout-effect-1.1.2.tgz",
      "integrity": "sha512-yG5V1HGrP63zM2bKj45S0eC1vxtWfKJWKzH4NMOq5b2P8C3mH0mBqHZY1FDISbYvW7j3h10TzZpA4+yS1sT4wA==",
      "peerDependencies": {
        "react": "^16.8 || ^17.0 || ^18.0 || ^19.0"
      }
    },
    "node_modules/@radix-ui/react-use-previous": {
      "version": "1.0.1",
      "resolved": "https://registry.npmjs.org/@radix-ui/react-use-previous/-/react-use-previous-1.0.1.tgz",
      "integrity": "sha512-yG5V1HGrP63zM2bKj45S0eC1vxtWfKJWKzH4NMOq5b2P8C3mH0mBqHZY1FDISbYvW7j3h10TzZpA4+yS1sT4wA==",
      "peerDependencies": {
        "react": "^16.8 || ^17.0 || ^18.0 || ^19.0"
      }
    },
    "node_modules/@radix-ui/react-use-size": {
      "version": "1.0.1",
      "resolved": "https://registry.npmjs.org/@radix-ui/react-use-size/-/react-use-size-1.0.1.tgz",
      "integrity": "sha512-yG5V1HGrP63zM2bKj45S0eC1vxtWfKJWKzH4NMOq5b2P8C3mH0mBqHZY1FDISbYvW7j3h10TzZpA4+yS1sT4wA==",
      "dependencies": {
        "@radix-ui/react-use-layout-effect": "1.1.2"
      },
      "peerDependencies": {
        "react": "^16.8 || ^17.0 || ^18.0 || ^19.0"
      }
    },
    "node_modules/@radix-ui/react-use-swipe": {
      "version": "1.0.1",
      "resolved": "https://registry.npmjs.org/@radix-ui/react-use-swipe/-/react-use-swipe-1.0.1.tgz",
      "integrity": "sha512-yG5V1HGrP63zM2bKj45S0eC1vxtWfKJWKzH4NMOq5b2P8C3mH0mBqHZY1FDISbYvW7j3h10TzZpA4+yS1sT4wA==",
      "dependencies": {
        "@radix-ui/react-use-callback-ref": "1.1.2"
      },
      "peerDependencies": {
        "react": "^16.8 || ^17.0 || ^18.0 || ^19.0"
      }
    },
    "node_modules/@types/cookie": {
      "version": "0.6.0",
      "resolved": "https://registry.npmjs.org/@types/cookie/-/cookie-0.6.0.tgz",
      "integrity": "sha512-Kx69dC5E45y+5mcc8ZDi3f3R624i32sv2s9dDdeBxbJ44+dun22RGS+jpwJ3D+vweGzGKYiXhJ3/3YpD552w5w==",
      "dev": true
    },
    "node_modules/@types/node": {
      "version": "20.14.9",
      "resolved": "https://registry.npmjs.org/@types/node/-/node-20.14.9.tgz",
      "integrity": "sha512-06m3maqD5EE2w7a+tDuD9+gb2jA6Q4ad5dO+i2tjFCS4we0vLz5y3/cI+Qk+s22YDR0qGnk2vhmX21/x3s475g==",
      "dev": true,
      "dependencies": {
        "undici-types": "~5.26.4"
      }
    },
    "node_modules/@types/prop-types": {
      "version": "15.7.12",
      "resolved": "https://registry.npmjs.org/@types/prop-types/-/prop-types-15.7.12.tgz",
      "integrity": "sha512-5zvhF/S3nGyV8sADCneVn3Tvw4eG2DNhGg/3q4A+kky3s33vYx/f85x2v3b3lV3l4wzJ+x4BfBw5p1jA5mG4g==",
      "dev": true
    },
    "node_modules/@types/react": {
      "version": "18.3.3",
      "resolved": "https://registry.npmjs.org/@types/react/-/react-18.3.3.tgz",
      "integrity": "sha512-hti/vr4A1D5+2IKaQy3ys/3m2+ptygmw4+pdwg/RaGgnr5R3vj3kvS5o9reW2s5iA6LqgV1s3POH63x2i173Lw==",
      "dev": true,
      "dependencies": {
        "@types/prop-types": "*",
        "csstype": "^3.0.2"
      }
    },
    "node_modules/@types/react-dom": {
      "version": "18.3.0",
      "resolved": "https://registry.npmjs.org/@types/react-dom/-/react-dom-18.3.0.tgz",
      "integrity": "sha512-EhwApuTmMBm2uXflCu1gG+IcVqg3h4Uq6D+4s4GuKNh44Xj/R5jQv4vGk12v4X8h2gJV5q+s42s2fT3x33x3xQ==",
      "dev": true,
      "dependencies": {
        "@types/react": "*"
      }
    },
    "node_modules/@types/scheduler": {
      "version": "0.16.8",
      "resolved": "https://registry.npmjs.org/@types/scheduler/-/scheduler-0.16.8.tgz",
      "integrity": "sha512-IK172o/YEoTwZd/2+X1nZmTLo61tA/practice/config.yaml"
    },
    "node_modules/picocolors": {
      "version": "1.0.1",
      "resolved": "https://registry.npmjs.org/picocolors/-/picocolors-1.0.1.tgz",
      "integrity": "sha512-y0H+Z+dJ3pLw9s3v3h+Nvlz3r4wz9t3o3t3y3r3h+Nvlz3r4wz9t3o3t3y3r3h+Nvlz3r4wz9t3o3t3y3r3h==",
      "dev": true
    },
    "node_modules/postcss": {
      "version": "8.4.39",
      "resolved": "https://registry.npmjs.org/postcss/-/postcss-8.4.39.tgz",
      "integrity": "sha512-y0w4w5gikLCtPzX3j3zUv/a8Tdei4qDonFzPy8afx1n7b3b3l3t+aRgx5Ei6s5f3o3v3p3e+u3t3y3r3h+Nvlz3r==",
      "dev": true,
      "dependencies": {
        "nanoid": "^3.3.7",
        "picocolors": "^1.0.0",
        "source-map-js": "^1.2.0"
      },
      "engines": {
        "node": "^12 || ^14 || >=16"
      }
    },
    "node_modules/postcss/node_modules/nanoid": {
      "version": "3.3.7",
      "resolved": "https://registry.npmjs.org/nanoid/-/nanoid-3.3.7.tgz",
      "integrity": "sha512-fYrfeIv25GedvL3grk5D4kS63vLASf3XYNOY/kBKwv30a3R3UkBURiV3y/2y2G/Za2R/5zC5z7yLkcvzC2s/7w==",
      "dev": true,
      "funding": [
        {
          "type": "github",
          "url": "https://github.com/sponsors/ai"
        }
      ],
      "bin": {
        "nanoid": "bin/nanoid.js"
      },
      "engines": {
        "node": "^10 || ^12 || ^13.7 || ^14 || >=15.0.1"
      }
    },
    "node_modules/punycode": {
      "version": "2.3.1",
      "resolved": "https://registry.npmjs.org/punycode/-/punycode-2.3.1.tgz",
      "integrity": "sha512-vC+VA1zXewAdeniauxY3kkM9sBw5zSoO2dAlksRjSag+j6d3W2uHdogH/wyIhFnSkva6zceA9a9v+BAUN3XBIw==",
      "engines": {
        "node": ">=6"
      }
    },
    "node_modules/react": {
      "version": "18.3.1",
      "resolved": "https://registry.npmjs.org/react/-/react-18.3.1.tgz",
      "integrity": "sha512-wS+hAgJ0G13wz2iXQ3da5qj2E72+vCeU33AB+/g33/IECV3vMV/wU3vV8o/3sAmp79rA2Gvmvclg3sT+tJ+SXA==",
      "dependencies": {
        "loose-envify": "^1.1.0",
        "react-jsx-runtime": "18.3.1"
      },
      "engines": {
        "node": ">=0.10.0"
      }
    },
    "node_modules/react-day-picker": {
      "version": "8.10.1",
      "resolved": "https://registry.npmjs.org/react-day-picker/-/react-day-picker-8.10.1.tgz",
      "integrity": "sha512-Kx69dC5E45y+5mcc8ZDi3f3R624i32sv2s9dDdeBxbJ44+dun22RGS+jpwJ3D+vweGzGKYiXhJ3/3YpD552w5w==",
      "dependencies": {
        "date-fns": "^2.30.0",
        "tslib": "^2.6.2"
      },
      "funding": {
        "type": "github",
        "url": "https://github.com/sponsors/gpbl"
      },
      "peerDependencies": {
        "react": ">=16.8.0"
      }
    },
    "node_modules/react-day-picker/node_modules/date-fns": {
      "version": "2.30.0",
      "resolved": "https://registry.npmjs.org/date-fns/-/date-fns-2.30.0.tgz",
      "integrity": "sha512-fnULvO/8l+cD/jA3w3f3b1z33c1g/we+n4m2Od6h5J32xXdnw3bbOvoo+iS32X3sflAx1R5N5/4yP9Ua/v/xZg==",
      "engines": {
        "node": ">= 0.11"
      },
      "funding": {
        "type": "opencollective",
        "url": "https://opencollective.com/date-fns"
      }
    },
    "node_modules/react-dom": {
      "version": "18.3.1",
      "resolved": "https://registry.npmjs.org/react-dom/-/react-dom-18.3.1.tgz",
      "integrity": "sha512-5m4nQKp+rZRbMgNmrKzcH2+w1iZ1Ie4t3GY2zexpand-props-2.0.1.tgz",
      "integrity": "sha512-yG5V1HGrP63zM2bKj45S0eC1vxtWfKJWKzH4NMOq5b2P8C3mH0mBqHZY1FDISbYvW7j3h10TzZpA4+yS1sT4wA=="
    },
    "node_modules/tslib": {
      "version": "2.6.3",
      "resolved": "https://registry.npmjs.org/tslib/-/tslib-2.6.3.tgz",
      "integrity": "sha512-xN0OqNz23Tia4c3vdeVano/1+sF0BfMHs2G1NNoahfgk1sDCRxL4nUk3Y+jmj2E+zTz3e/v+a2sVlHQbb3D/bA=="
    },
    "node_modules/undici-types": {
      "version": "5.26.5",
      "resolved": "https://registry.npmjs.org/undici-types/-/undici-types-5.26.5.tgz",
      "integrity": "sha512-gjM/pB+3DAddT+ND0d+xNe2s2pCrsetZip1sLu61LLpZg2e2x+GfLOBj2H3g3i4+aAreX/T0/ZQx2Qgq+2d/pw==",
      "dev": true
    },
    "node_modules/utility-types": {
      "version": "3.11.0",
      "resolved": "https://registry.npmjs.org/utility-types/-/utility-types-3.11.0.tgz",
      "integrity": "sha512-iJ3b3d6h1y6iS3g1D3m6J3g89eYnVegtV33K89+CKu3f2n+wP4Jglz3f+9y+wTUDogqj5i4vFv4+v2iA/2vT+g=="
    },
    "node_modules/zod": {
      "version": "3.24.2",
      "resolved": "https://registry.npmjs.org/zod/-/zod-3.24.2.tgz",
      "integrity": "sha512-bBJfhQCzM0y6C3rRvoH0GNJ89rYnA3S6OU9VmMu4LS1fF2r+i8Slc52g4dxD2kkq9n2y8W9gWv+vN293OEDm4Q==",
      "funding": {
        "url": "https://github.com/sponsors/colinhacks"
      }
    },
    "node_modules/zod-to-json-schema": {
      "version": "3.23.2",
      "resolved": "https://registry.npmjs.org/zod-to-json-schema/-/zod-to-json-schema-3.23.2.tgz",
      "integrity": "sha512-y0H+Z+dJ3pLw9s3v3h+Nvlz3r4wz9t3o3t3y3r3h+Nvlz3r4wz9t3o3t3y3r3h+Nvlz3r4wz9t3o3t3y3r3h==",
      "dependencies": {
        "fast-deep-equal": "^3.1.3"
      },
      "peerDependencies": {
        "zod": "^3.21.4"
      }
    }
  }
}
